
Microsoft Visual Studio Solution File, Format Version 12.00
# Visual Studio Version 16
VisualStudioVersion = 16.0.31515.178
MinimumVisualStudioVersion = 10.0.40219.1
Project("{9A19103F-16F7-4668-BE54-9A1E7A4F7556}") = "01_KampIntro", "01_KampIntro\01_KampIntro.csproj", "{08F40514-0317-480C-9151-99102DE65A02}"
EndProject
Project("{9A19103F-16F7-4668-BE54-9A1E7A4F7556}") = "02_ClassIntro", "02_ClassIntro\02_ClassIntro.csproj", "{5EF47137-0A6C-4DFD-B9BF-EE63A71749A9}"
EndProject
Project("{9A19103F-16F7-4668-BE54-9A1E7A4F7556}") = "03_MethodIntro", "03_MethodIntro\03_MethodIntro.csproj", "{ACAD6445-5AF1-4DF7-80D4-D596CA48541A}"
EndProject
Project("{9A19103F-16F7-4668-BE54-9A1E7A4F7556}") = "04_Mathematics", "04_Mathematics\04_Mathematics.csproj", "{149AC4DD-8ACB-4AAE-9F0F-74927E01F557}"
EndProject
Project("{9A19103F-16F7-4668-BE54-9A1E7A4F7556}") = "05_ValueTypeAndReferenceType", "05_ValueTypeAndReferenceType\05_ValueTypeAndReferenceType.csproj", "{D91C9E05-6259-4172-A978-0EC30CE8660A}"
EndProject
Project("{9A19103F-16F7-4668-BE54-9A1E7A4F7556}") = "06_OOP1", "06_OOP1\06_OOP1.csproj", "{1BAEFE99-0577-4D2B-A2EF-B89C04081EA7}"
EndProject
Project("{9A19103F-16F7-4668-BE54-9A1E7A4F7556}") = "07_Collections", "07_Collections\07_Collections.csproj", "{0B8C9993-7606-4CD9-BD2D-A22783E78F26}"
EndProject
Project("{9A19103F-16F7-4668-BE54-9A1E7A4F7556}") = "08_OOP2", "08_OOP2\08_OOP2.csproj", "{631C594A-25E7-4466-AE51-9D7A4BE3DC7F}"
EndProject
Project("{9A19103F-16F7-4668-BE54-9A1E7A4F7556}") = "09_OOP3", "09_OOP3\09_OOP3.csproj", "{3B31993F-18C4-46EE-A781-D51004C7DFEA}"
EndProject
Project("{2150E333-8FDC-42A3-9474-1A3956D46DE8}") = "00_SQL", "00_SQL", "{B39638D4-62D2-4369-AB6C-B71E16A71115}"
	ProjectSection(SolutionItems) = preProject
		Sorgular.sql = Sorgular.sql
	EndProjectSection
EndProject
Global
	GlobalSection(SolutionConfigurationPlatforms) = preSolution
		Debug|Any CPU = Debug|Any CPU
		Release|Any CPU = Release|Any CPU
	EndGlobalSection
	GlobalSection(ProjectConfigurationPlatforms) = postSolution
		{08F40514-0317-480C-9151-99102DE65A02}.Debug|Any CPU.ActiveCfg = Debug|Any CPU
		{08F40514-0317-480C-9151-99102DE65A02}.Debug|Any CPU.Build.0 = Debug|Any CPU
		{08F40514-0317-480C-9151-99102DE65A02}.Release|Any CPU.ActiveCfg = Release|Any CPU
		{08F40514-0317-480C-9151-99102DE65A02}.Release|Any CPU.Build.0 = Release|Any CPU
		{5EF47137-0A6C-4DFD-B9BF-EE63A71749A9}.Debug|Any CPU.ActiveCfg = Debug|Any CPU
		{5EF47137-0A6C-4DFD-B9BF-EE63A71749A9}.Debug|Any CPU.Build.0 = Debug|Any CPU
		{5EF47137-0A6C-4DFD-B9BF-EE63A71749A9}.Release|Any CPU.ActiveCfg = Release|Any CPU
		{5EF47137-0A6C-4DFD-B9BF-EE63A71749A9}.Release|Any CPU.Build.0 = Release|Any CPU
		{ACAD6445-5AF1-4DF7-80D4-D596CA48541A}.Debug|Any CPU.ActiveCfg = Debug|Any CPU
		{ACAD6445-5AF1-4DF7-80D4-D596CA48541A}.Debug|Any CPU.Build.0 = Debug|Any CPU
		{ACAD6445-5AF1-4DF7-80D4-D596CA48541A}.Release|Any CPU.ActiveCfg = Release|Any CPU
		{ACAD6445-5AF1-4DF7-80D4-D596CA48541A}.Release|Any CPU.Build.0 = Release|Any CPU
		{149AC4DD-8ACB-4AAE-9F0F-74927E01F557}.Debug|Any CPU.ActiveCfg = Debug|Any CPU
		{149AC4DD-8ACB-4AAE-9F0F-74927E01F557}.Debug|Any CPU.Build.0 = Debug|Any CPU
		{149AC4DD-8ACB-4AAE-9F0F-74927E01F557}.Release|Any CPU.ActiveCfg = Release|Any CPU
		{149AC4DD-8ACB-4AAE-9F0F-74927E01F557}.Release|Any CPU.Build.0 = Release|Any CPU
		{D91C9E05-6259-4172-A978-0EC30CE8660A}.Debug|Any CPU.ActiveCfg = Debug|Any CPU
		{D91C9E05-6259-4172-A978-0EC30CE8660A}.Debug|Any CPU.Build.0 = Debug|Any CPU
		{D91C9E05-6259-4172-A978-0EC30CE8660A}.Release|Any CPU.ActiveCfg = Release|Any CPU
		{D91C9E05-6259-4172-A978-0EC30CE8660A}.Release|Any CPU.Build.0 = Release|Any CPU
		{1BAEFE99-0577-4D2B-A2EF-B89C04081EA7}.Debug|Any CPU.ActiveCfg = Debug|Any CPU
		{1BAEFE99-0577-4D2B-A2EF-B89C04081EA7}.Debug|Any CPU.Build.0 = Debug|Any CPU
		{1BAEFE99-0577-4D2B-A2EF-B89C04081EA7}.Release|Any CPU.ActiveCfg = Release|Any CPU
		{1BAEFE99-0577-4D2B-A2EF-B89C04081EA7}.Release|Any CPU.Build.0 = Release|Any CPU
		{0B8C9993-7606-4CD9-BD2D-A22783E78F26}.Debug|Any CPU.ActiveCfg = Debug|Any CPU
		{0B8C9993-7606-4CD9-BD2D-A22783E78F26}.Debug|Any CPU.Build.0 = Debug|Any CPU
		{0B8C9993-7606-4CD9-BD2D-A22783E78F26}.Release|Any CPU.ActiveCfg = Release|Any CPU
		{0B8C9993-7606-4CD9-BD2D-A22783E78F26}.Release|Any CPU.Build.0 = Release|Any CPU
		{631C594A-25E7-4466-AE51-9D7A4BE3DC7F}.Debug|Any CPU.ActiveCfg = Debug|Any CPU
		{631C594A-25E7-4466-AE51-9D7A4BE3DC7F}.Debug|Any CPU.Build.0 = Debug|Any CPU
		{631C594A-25E7-4466-AE51-9D7A4BE3DC7F}.Release|Any CPU.ActiveCfg = Release|Any CPU
		{631C594A-25E7-4466-AE51-9D7A4BE3DC7F}.Release|Any CPU.Build.0 = Release|Any CPU
		{3B31993F-18C4-46EE-A781-D51004C7DFEA}.Debug|Any CPU.ActiveCfg = Debug|Any CPU
		{3B31993F-18C4-46EE-A781-D51004C7DFEA}.Debug|Any CPU.Build.0 = Debug|Any CPU
		{3B31993F-18C4-46EE-A781-D51004C7DFEA}.Release|Any CPU.ActiveCfg = Release|Any CPU
		{3B31993F-18C4-46EE-A781-D51004C7DFEA}.Release|Any CPU.Build.0 = Release|Any CPU
	EndGlobalSection
	GlobalSection(SolutionProperties) = preSolution
		HideSolutionNode = FALSE
	EndGlobalSection
	GlobalSection(ExtensibilityGlobals) = postSolution
		SolutionGuid = {040152AC-E485-471C-998E-2384B3322D29}
	EndGlobalSection
EndGlobal
